// !$*UTF8*$!
{
	archiveVersion = 1;
	classes = {
	};
	objectVersion = 55;
	objects = {

/* Begin PBXBuildFile section */
		235E0ED128C3D25200F05E6C /* Movies+CoreDataClass.swift in Sources */ = {isa = PBXBuildFile; fileRef = 235E0ECF28C3D25100F05E6C /* Movies+CoreDataClass.swift */; };
		235E0ED228C3D25200F05E6C /* Movies+CoreDataProperties.swift in Sources */ = {isa = PBXBuildFile; fileRef = 235E0ED028C3D25100F05E6C /* Movies+CoreDataProperties.swift */; };
		235E0ED528C3D33200F05E6C /* CoreDataManager.swift in Sources */ = {isa = PBXBuildFile; fileRef = 235E0ED428C3D33200F05E6C /* CoreDataManager.swift */; };
		23D1D08B28C1EF36006913EF /* AppDelegate.swift in Sources */ = {isa = PBXBuildFile; fileRef = 23D1D08A28C1EF36006913EF /* AppDelegate.swift */; };
		23D1D08D28C1EF36006913EF /* SceneDelegate.swift in Sources */ = {isa = PBXBuildFile; fileRef = 23D1D08C28C1EF36006913EF /* SceneDelegate.swift */; };
		23D1D08F28C1EF36006913EF /* MainViewController.swift in Sources */ = {isa = PBXBuildFile; fileRef = 23D1D08E28C1EF36006913EF /* MainViewController.swift */; };
		23D1D09228C1EF36006913EF /* Main.storyboard in Resources */ = {isa = PBXBuildFile; fileRef = 23D1D09028C1EF36006913EF /* Main.storyboard */; };
		23D1D09528C1EF36006913EF /* Exitek_Tech_Task.xcdatamodeld in Sources */ = {isa = PBXBuildFile; fileRef = 23D1D09328C1EF36006913EF /* Exitek_Tech_Task.xcdatamodeld */; };
		23D1D09728C1EF38006913EF /* Assets.xcassets in Resources */ = {isa = PBXBuildFile; fileRef = 23D1D09628C1EF38006913EF /* Assets.xcassets */; };
		23D1D09A28C1EF38006913EF /* LaunchScreen.storyboard in Resources */ = {isa = PBXBuildFile; fileRef = 23D1D09828C1EF38006913EF /* LaunchScreen.storyboard */; };
		23D1D0A228C1F26C006913EF /* FilmListTableViewExtension.swift in Sources */ = {isa = PBXBuildFile; fileRef = 23D1D0A128C1F26C006913EF /* FilmListTableViewExtension.swift */; };
		23D1D0A528C1F81E006913EF /* FilmTextFieldsExtension.swift in Sources */ = {isa = PBXBuildFile; fileRef = 23D1D0A428C1F81E006913EF /* FilmTextFieldsExtension.swift */; };
		23D1D0A728C21723006913EF /* ArrayExtension.swift in Sources */ = {isa = PBXBuildFile; fileRef = 23D1D0A628C21723006913EF /* ArrayExtension.swift */; };
/* End PBXBuildFile section */

/* Begin PBXFileReference section */
		235E0ECF28C3D25100F05E6C /* Movies+CoreDataClass.swift */ = {isa = PBXFileReference; lastKnownFileType = sourcecode.swift; path = "Movies+CoreDataClass.swift"; sourceTree = "<group>"; };
		235E0ED028C3D25100F05E6C /* Movies+CoreDataProperties.swift */ = {isa = PBXFileReference; lastKnownFileType = sourcecode.swift; path = "Movies+CoreDataProperties.swift"; sourceTree = "<group>"; };
		235E0ED428C3D33200F05E6C /* CoreDataManager.swift */ = {isa = PBXFileReference; lastKnownFileType = sourcecode.swift; path = CoreDataManager.swift; sourceTree = "<group>"; };
		23D1D08728C1EF36006913EF /* Exitek Tech Task.app */ = {isa = PBXFileReference; explicitFileType = wrapper.application; includeInIndex = 0; path = "Exitek Tech Task.app"; sourceTree = BUILT_PRODUCTS_DIR; };
		23D1D08A28C1EF36006913EF /* AppDelegate.swift */ = {isa = PBXFileReference; lastKnownFileType = sourcecode.swift; path = AppDelegate.swift; sourceTree = "<group>"; };
		23D1D08C28C1EF36006913EF /* SceneDelegate.swift */ = {isa = PBXFileReference; lastKnownFileType = sourcecode.swift; path = SceneDelegate.swift; sourceTree = "<group>"; };
		23D1D08E28C1EF36006913EF /* MainViewController.swift */ = {isa = PBXFileReference; lastKnownFileType = sourcecode.swift; path = MainViewController.swift; sourceTree = "<group>"; };
		23D1D09128C1EF36006913EF /* Base */ = {isa = PBXFileReference; lastKnownFileType = file.storyboard; name = Base; path = Base.lproj/Main.storyboard; sourceTree = "<group>"; };
		23D1D09428C1EF36006913EF /* Exitek_Tech_Task.xcdatamodel */ = {isa = PBXFileReference; lastKnownFileType = wrapper.xcdatamodel; path = Exitek_Tech_Task.xcdatamodel; sourceTree = "<group>"; };
		23D1D09628C1EF38006913EF /* Assets.xcassets */ = {isa = PBXFileReference; lastKnownFileType = folder.assetcatalog; path = Assets.xcassets; sourceTree = "<group>"; };
		23D1D09928C1EF38006913EF /* Base */ = {isa = PBXFileReference; lastKnownFileType = file.storyboard; name = Base; path = Base.lproj/LaunchScreen.storyboard; sourceTree = "<group>"; };
		23D1D09B28C1EF38006913EF /* Info.plist */ = {isa = PBXFileReference; lastKnownFileType = text.plist.xml; path = Info.plist; sourceTree = "<group>"; };
		23D1D0A128C1F26C006913EF /* FilmListTableViewExtension.swift */ = {isa = PBXFileReference; lastKnownFileType = sourcecode.swift; path = FilmListTableViewExtension.swift; sourceTree = "<group>"; };
		23D1D0A428C1F81E006913EF /* FilmTextFieldsExtension.swift */ = {isa = PBXFileReference; lastKnownFileType = sourcecode.swift; path = FilmTextFieldsExtension.swift; sourceTree = "<group>"; };
		23D1D0A628C21723006913EF /* ArrayExtension.swift */ = {isa = PBXFileReference; lastKnownFileType = sourcecode.swift; path = ArrayExtension.swift; sourceTree = "<group>"; };
/* End PBXFileReference section */

/* Begin PBXFrameworksBuildPhase section */
		23D1D08428C1EF36006913EF /* Frameworks */ = {
			isa = PBXFrameworksBuildPhase;
			buildActionMask = 2147483647;
			files = (
			);
			runOnlyForDeploymentPostprocessing = 0;
		};
/* End PBXFrameworksBuildPhase section */

/* Begin PBXGroup section */
		2300A49328C22A7F00ABD95F /* Extensions */ = {
			isa = PBXGroup;
			children = (
				23D1D0A628C21723006913EF /* ArrayExtension.swift */,
				23D1D0A128C1F26C006913EF /* FilmListTableViewExtension.swift */,
				23D1D0A428C1F81E006913EF /* FilmTextFieldsExtension.swift */,
			);
			path = Extensions;
			sourceTree = "<group>";
		};
		2300A49428C22A9300ABD95F /* Controller */ = {
			isa = PBXGroup;
			children = (
				23D1D08E28C1EF36006913EF /* MainViewController.swift */,
			);
			path = Controller;
			sourceTree = "<group>";
		};
		235E0ED328C3D26200F05E6C /* Entity */ = {
			isa = PBXGroup;
			children = (
				235E0ED028C3D25100F05E6C /* Movies+CoreDataProperties.swift */,
				235E0ECF28C3D25100F05E6C /* Movies+CoreDataClass.swift */,
			);
			path = Entity;
			sourceTree = "<group>";
		};
		235E0ED628C3D33A00F05E6C /* Model */ = {
			isa = PBXGroup;
			children = (
				235E0ED428C3D33200F05E6C /* CoreDataManager.swift */,
				23D1D09328C1EF36006913EF /* Exitek_Tech_Task.xcdatamodeld */,
			);
			path = Model;
			sourceTree = "<group>";
		};
		235E0ED728C3D68A00F05E6C /* New Group */ = {
			isa = PBXGroup;
			children = (
			);
			path = "New Group";
			sourceTree = "<group>";
		};
		23D1D07E28C1EF36006913EF = {
			isa = PBXGroup;
			children = (
				23D1D08928C1EF36006913EF /* Exitek Tech Task */,
				23D1D08828C1EF36006913EF /* Products */,
			);
			sourceTree = "<group>";
		};
		23D1D08828C1EF36006913EF /* Products */ = {
			isa = PBXGroup;
			children = (
				23D1D08728C1EF36006913EF /* Exitek Tech Task.app */,
			);
			name = Products;
			sourceTree = "<group>";
		};
		23D1D08928C1EF36006913EF /* Exitek Tech Task */ = {
			isa = PBXGroup;
			children = (
				235E0ED628C3D33A00F05E6C /* Model */,
				235E0ED328C3D26200F05E6C /* Entity */,
				23D1D08A28C1EF36006913EF /* AppDelegate.swift */,
				23D1D08C28C1EF36006913EF /* SceneDelegate.swift */,
				235E0ED728C3D68A00F05E6C /* New Group */,
				2300A49428C22A9300ABD95F /* Controller */,
				2300A49328C22A7F00ABD95F /* Extensions */,
				23D1D0A328C1F2EF006913EF /* View */,
				23D1D09628C1EF38006913EF /* Assets.xcassets */,
				23D1D09B28C1EF38006913EF /* Info.plist */,
			);
			path = "Exitek Tech Task";
			sourceTree = "<group>";
		};
		23D1D0A328C1F2EF006913EF /* View */ = {
			isa = PBXGroup;
			children = (
				23D1D09828C1EF38006913EF /* LaunchScreen.storyboard */,
				23D1D09028C1EF36006913EF /* Main.storyboard */,
			);
			path = View;
			sourceTree = "<group>";
		};
/* End PBXGroup section */

/* Begin PBXNativeTarget section */
		23D1D08628C1EF36006913EF /* Exitek Tech Task */ = {
			isa = PBXNativeTarget;
			buildConfigurationList = 23D1D09E28C1EF38006913EF /* Build configuration list for PBXNativeTarget "Exitek Tech Task" */;
			buildPhases = (
				23D1D08328C1EF36006913EF /* Sources */,
				23D1D08428C1EF36006913EF /* Frameworks */,
				23D1D08528C1EF36006913EF /* Resources */,
			);
			buildRules = (
			);
			dependencies = (
			);
			name = "Exitek Tech Task";
			productName = "Exitek Tech Task";
			productReference = 23D1D08728C1EF36006913EF /* Exitek Tech Task.app */;
			productType = "com.apple.product-type.application";
		};
/* End PBXNativeTarget section */

/* Begin PBXProject section */
		23D1D07F28C1EF36006913EF /* Project object */ = {
			isa = PBXProject;
			attributes = {
				BuildIndependentTargetsInParallel = 1;
				LastSwiftUpdateCheck = 1340;
				LastUpgradeCheck = 1340;
				TargetAttributes = {
					23D1D08628C1EF36006913EF = {
						CreatedOnToolsVersion = 13.4.1;
					};
				};
			};
			buildConfigurationList = 23D1D08228C1EF36006913EF /* Build configuration list for PBXProject "Exitek Tech Task" */;
			compatibilityVersion = "Xcode 13.0";
			developmentRegion = en;
			hasScannedForEncodings = 0;
			knownRegions = (
				en,
				Base,
			);
			mainGroup = 23D1D07E28C1EF36006913EF;
			productRefGroup = 23D1D08828C1EF36006913EF /* Products */;
			projectDirPath = "";
			projectRoot = "";
			targets = (
				23D1D08628C1EF36006913EF /* Exitek Tech Task */,
			);
		};
/* End PBXProject section */

/* Begin PBXResourcesBuildPhase section */
		23D1D08528C1EF36006913EF /* Resources */ = {
			isa = PBXResourcesBuildPhase;
			buildActionMask = 2147483647;
			files = (
				23D1D09A28C1EF38006913EF /* LaunchScreen.storyboard in Resources */,
				23D1D09728C1EF38006913EF /* Assets.xcassets in Resources */,
				23D1D09228C1EF36006913EF /* Main.storyboard in Resources */,
			);
			runOnlyForDeploymentPostprocessing = 0;
		};
/* End PBXResourcesBuildPhase section */

/* Begin PBXSourcesBuildPhase section */
		23D1D08328C1EF36006913EF /* Sources */ = {
			isa = PBXSourcesBuildPhase;
			buildActionMask = 2147483647;
			files = (
				235E0ED228C3D25200F05E6C /* Movies+CoreDataProperties.swift in Sources */,
				23D1D09528C1EF36006913EF /* Exitek_Tech_Task.xcdatamodeld in Sources */,
				23D1D0A228C1F26C006913EF /* FilmListTableViewExtension.swift in Sources */,
				23D1D08F28C1EF36006913EF /* MainViewController.swift in Sources */,
				23D1D08B28C1EF36006913EF /* AppDelegate.swift in Sources */,
				235E0ED128C3D25200F05E6C /* Movies+CoreDataClass.swift in Sources */,
				23D1D0A728C21723006913EF /* ArrayExtension.swift in Sources */,
				23D1D0A528C1F81E006913EF /* FilmTextFieldsExtension.swift in Sources */,
				235E0ED528C3D33200F05E6C /* CoreDataManager.swift in Sources */,
				23D1D08D28C1EF36006913EF /* SceneDelegate.swift in Sources */,
			);
			runOnlyForDeploymentPostprocessing = 0;
		};
/* End PBXSourcesBuildPhase section */

/* Begin PBXVariantGroup section */
		23D1D09028C1EF36006913EF /* Main.storyboard */ = {
			isa = PBXVariantGroup;
			children = (
				23D1D09128C1EF36006913EF /* Base */,
			);
			name = Main.storyboard;
			sourceTree = "<group>";
		};
		23D1D09828C1EF38006913EF /* LaunchScreen.storyboard */ = {
			isa = PBXVariantGroup;
			children = (
				23D1D09928C1EF38006913EF /* Base */,
			);
			name = LaunchScreen.storyboard;
			sourceTree = "<group>";
		};
/* End PBXVariantGroup section */

/* Begin XCBuildConfiguration section */
		23D1D09C28C1EF38006913EF /* Debug */ = {
			isa = XCBuildConfiguration;
			buildSettings = {
				ALWAYS_SEARCH_USER_PATHS = NO;
				CLANG_ANALYZER_NONNULL = YES;
				CLANG_ANALYZER_NUMBER_OBJECT_CONVERSION = YES_AGGRESSIVE;
				CLANG_CXX_LANGUAGE_STANDARD = "gnu++17";
				CLANG_ENABLE_MODULES = YES;
				CLANG_ENABLE_OBJC_ARC = YES;
				CLANG_ENABLE_OBJC_WEAK = YES;
				CLANG_WARN_BLOCK_CAPTURE_AUTORELEASING = YES;
				CLANG_WARN_BOOL_CONVERSION = YES;
				CLANG_WARN_COMMA = YES;
				CLANG_WARN_CONSTANT_CONVERSION = YES;
				CLANG_WARN_DEPRECATED_OBJC_IMPLEMENTATIONS = YES;
				CLANG_WARN_DIRECT_OBJC_ISA_USAGE = YES_ERROR;
				CLANG_WARN_DOCUMENTATION_COMMENTS = YES;
				CLANG_WARN_EMPTY_BODY = YES;
				CLANG_WARN_ENUM_CONVERSION = YES;
				CLANG_WARN_INFINITE_RECURSION = YES;
				CLANG_WARN_INT_CONVERSION = YES;
				CLANG_WARN_NON_LITERAL_NULL_CONVERSION = YES;
				CLANG_WARN_OBJC_IMPLICIT_RETAIN_SELF = YES;
				CLANG_WARN_OBJC_LITERAL_CONVERSION = YES;
				CLANG_WARN_OBJC_ROOT_CLASS = YES_ERROR;
				CLANG_WARN_QUOTED_INCLUDE_IN_FRAMEWORK_HEADER = YES;
				CLANG_WARN_RANGE_LOOP_ANALYSIS = YES;
				CLANG_WARN_STRICT_PROTOTYPES = YES;
				CLANG_WARN_SUSPICIOUS_MOVE = YES;
				CLANG_WARN_UNGUARDED_AVAILABILITY = YES_AGGRESSIVE;
				CLANG_WARN_UNREACHABLE_CODE = YES;
				CLANG_WARN__DUPLICATE_METHOD_MATCH = YES;
				COPY_PHASE_STRIP = NO;
				DEBUG_INFORMATION_FORMAT = dwarf;
				ENABLE_STRICT_OBJC_MSGSEND = YES;
				ENABLE_TESTABILITY = YES;
				GCC_C_LANGUAGE_STANDARD = gnu11;
				GCC_DYNAMIC_NO_PIC = NO;
				GCC_NO_COMMON_BLOCKS = YES;
				GCC_OPTIMIZATION_LEVEL = 0;
				GCC_PREPROCESSOR_DEFINITIONS = (
					"DEBUG=1",
					"$(inherited)",
				);
				GCC_WARN_64_TO_32_BIT_CONVERSION = YES;
				GCC_WARN_ABOUT_RETURN_TYPE = YES_ERROR;
				GCC_WARN_UNDECLARED_SELECTOR = YES;
				GCC_WARN_UNINITIALIZED_AUTOS = YES_AGGRESSIVE;
				GCC_WARN_UNUSED_FUNCTION = YES;
				GCC_WARN_UNUSED_VARIABLE = YES;
				IPHONEOS_DEPLOYMENT_TARGET = 15.5;
				MTL_ENABLE_DEBUG_INFO = INCLUDE_SOURCE;
				MTL_FAST_MATH = YES;
				ONLY_ACTIVE_ARCH = YES;
				SDKROOT = iphoneos;
				SWIFT_ACTIVE_COMPILATION_CONDITIONS = DEBUG;
				SWIFT_OPTIMIZATION_LEVEL = "-Onone";
			};
			name = Debug;
		};
		23D1D09D28C1EF38006913EF /* Release */ = {
			isa = XCBuildConfiguration;
			buildSettings = {
				ALWAYS_SEARCH_USER_PATHS = NO;
				CLANG_ANALYZER_NONNULL = YES;
				CLANG_ANALYZER_NUMBER_OBJECT_CONVERSION = YES_AGGRESSIVE;
				CLANG_CXX_LANGUAGE_STANDARD = "gnu++17";
				CLANG_ENABLE_MODULES = YES;
				CLANG_ENABLE_OBJC_ARC = YES;
				CLANG_ENABLE_OBJC_WEAK = YES;
				CLANG_WARN_BLOCK_CAPTURE_AUTORELEASING = YES;
				CLANG_WARN_BOOL_CONVERSION = YES;
				CLANG_WARN_COMMA = YES;
				CLANG_WARN_CONSTANT_CONVERSION = YES;
				CLANG_WARN_DEPRECATED_OBJC_IMPLEMENTATIONS = YES;
				CLANG_WARN_DIRECT_OBJC_ISA_USAGE = YES_ERROR;
				CLANG_WARN_DOCUMENTATION_COMMENTS = YES;
				CLANG_WARN_EMPTY_BODY = YES;
				CLANG_WARN_ENUM_CONVERSION = YES;
				CLANG_WARN_INFINITE_RECURSION = YES;
				CLANG_WARN_INT_CONVERSION = YES;
				CLANG_WARN_NON_LITERAL_NULL_CONVERSION = YES;
				CLANG_WARN_OBJC_IMPLICIT_RETAIN_SELF = YES;
				CLANG_WARN_OBJC_LITERAL_CONVERSION = YES;
				CLANG_WARN_OBJC_ROOT_CLASS = YES_ERROR;
				CLANG_WARN_QUOTED_INCLUDE_IN_FRAMEWORK_HEADER = YES;
				CLANG_WARN_RANGE_LOOP_ANALYSIS = YES;
				CLANG_WARN_STRICT_PROTOTYPES = YES;
				CLANG_WARN_SUSPICIOUS_MOVE = YES;
				CLANG_WARN_UNGUARDED_AVAILABILITY = YES_AGGRESSIVE;
				CLANG_WARN_UNREACHABLE_CODE = YES;
				CLANG_WARN__DUPLICATE_METHOD_MATCH = YES;
				COPY_PHASE_STRIP = NO;
				DEBUG_INFORMATION_FORMAT = "dwarf-with-dsym";
				ENABLE_NS_ASSERTIONS = NO;
				ENABLE_STRICT_OBJC_MSGSEND = YES;
				GCC_C_LANGUAGE_STANDARD = gnu11;
				GCC_NO_COMMON_BLOCKS = YES;
				GCC_WARN_64_TO_32_BIT_CONVERSION = YES;
				GCC_WARN_ABOUT_RETURN_TYPE = YES_ERROR;
				GCC_WARN_UNDECLARED_SELECTOR = YES;
				GCC_WARN_UNINITIALIZED_AUTOS = YES_AGGRESSIVE;
				GCC_WARN_UNUSED_FUNCTION = YES;
				GCC_WARN_UNUSED_VARIABLE = YES;
				IPHONEOS_DEPLOYMENT_TARGET = 15.5;
				MTL_ENABLE_DEBUG_INFO = NO;
				MTL_FAST_MATH = YES;
				SDKROOT = iphoneos;
				SWIFT_COMPILATION_MODE = wholemodule;
				SWIFT_OPTIMIZATION_LEVEL = "-O";
				VALIDATE_PRODUCT = YES;
			};
			name = Release;
		};
		23D1D09F28C1EF38006913EF /* Debug */ = {
			isa = XCBuildConfiguration;
			buildSettings = {
				ASSETCATALOG_COMPILER_APPICON_NAME = AppIcon;
				ASSETCATALOG_COMPILER_GLOBAL_ACCENT_COLOR_NAME = AccentColor;
				CODE_SIGN_STYLE = Automatic;
				CURRENT_PROJECT_VERSION = 1;
				DEVELOPMENT_TEAM = 75DSYQ758V;
				GENERATE_INFOPLIST_FILE = YES;
				INFOPLIST_FILE = "Exitek Tech Task/Info.plist";
				INFOPLIST_KEY_UIApplicationSupportsIndirectInputEvents = YES;
				INFOPLIST_KEY_UILaunchStoryboardName = LaunchScreen;
				INFOPLIST_KEY_UIMainStoryboardFile = Main;
				INFOPLIST_KEY_UISupportedInterfaceOrientations = UIInterfaceOrientationPortrait;
				INFOPLIST_KEY_UISupportedInterfaceOrientations_iPad = "UIInterfaceOrientationPortrait UIInterfaceOrientationPortraitUpsideDown UIInterfaceOrientationLandscapeLeft UIInterfaceOrientationLandscapeRight";
				INFOPLIST_KEY_UISupportedInterfaceOrientations_iPhone = "UIInterfaceOrientationPortrait UIInterfaceOrientationLandscapeLeft UIInterfaceOrientationLandscapeRight";
				IPHONEOS_DEPLOYMENT_TARGET = 15.5;
				LD_RUNPATH_SEARCH_PATHS = (
					"$(inherited)",
					"@executable_path/Frameworks",
				);
				MARKETING_VERSION = 1.0;
				PRODUCT_BUNDLE_IDENTIFIER = "com.Exitek-Tech-Task";
				PRODUCT_NAME = "$(TARGET_NAME)";
				SWIFT_EMIT_LOC_STRINGS = YES;
				SWIFT_VERSION = 5.0;
				TARGETED_DEVICE_FAMILY = 1;
			};
			name = Debug;
		};
		23D1D0A028C1EF38006913EF /* Release */ = {
			isa = XCBuildConfiguration;
			buildSettings = {
				ASSETCATALOG_COMPILER_APPICON_NAME = AppIcon;
				ASSETCATALOG_COMPILER_GLOBAL_ACCENT_COLOR_NAME = AccentColor;
				CODE_SIGN_STYLE = Automatic;
				CURRENT_PROJECT_VERSION = 1;
				DEVELOPMENT_TEAM = 75DSYQ758V;
				GENERATE_INFOPLIST_FILE = YES;
				INFOPLIST_FILE = "Exitek Tech Task/Info.plist";
				INFOPLIST_KEY_UIApplicationSupportsIndirectInputEvents = YES;
				INFOPLIST_KEY_UILaunchStoryboardName = LaunchScreen;
				INFOPLIST_KEY_UIMainStoryboardFile = Main;
				INFOPLIST_KEY_UISupportedInterfaceOrientations = UIInterfaceOrientationPortrait;
				INFOPLIST_KEY_UISupportedInterfaceOrientations_iPad = "UIInterfaceOrientationPortrait UIInterfaceOrientationPortraitUpsideDown UIInterfaceOrientationLandscapeLeft UIInterfaceOrientationLandscapeRight";
				INFOPLIST_KEY_UISupportedInterfaceOrientations_iPhone = "UIInterfaceOrientationPortrait UIInterfaceOrientationLandscapeLeft UIInterfaceOrientationLandscapeRight";
				IPHONEOS_DEPLOYMENT_TARGET = 15.5;
				LD_RUNPATH_SEARCH_PATHS = (
					"$(inherited)",
					"@executable_path/Frameworks",
				);
				MARKETING_VERSION = 1.0;
				PRODUCT_BUNDLE_IDENTIFIER = "com.Exitek-Tech-Task";
				PRODUCT_NAME = "$(TARGET_NAME)";
				SWIFT_EMIT_LOC_STRINGS = YES;
				SWIFT_VERSION = 5.0;
				TARGETED_DEVICE_FAMILY = 1;
			};
			name = Release;
		};
/* End XCBuildConfiguration section */

/* Begin XCConfigurationList section */
		23D1D08228C1EF36006913EF /* Build configuration list for PBXProject "Exitek Tech Task" */ = {
			isa = XCConfigurationList;
			buildConfigurations = (
				23D1D09C28C1EF38006913EF /* Debug */,
				23D1D09D28C1EF38006913EF /* Release */,
			);
			defaultConfigurationIsVisible = 0;
			defaultConfigurationName = Release;
		};
		23D1D09E28C1EF38006913EF /* Build configuration list for PBXNativeTarget "Exitek Tech Task" */ = {
			isa = XCConfigurationList;
			buildConfigurations = (
				23D1D09F28C1EF38006913EF /* Debug */,
				23D1D0A028C1EF38006913EF /* Release */,
			);
			defaultConfigurationIsVisible = 0;
			defaultConfigurationName = Release;
		};
/* End XCConfigurationList section */

/* Begin XCVersionGroup section */
		23D1D09328C1EF36006913EF /* Exitek_Tech_Task.xcdatamodeld */ = {
			isa = XCVersionGroup;
			children = (
				23D1D09428C1EF36006913EF /* Exitek_Tech_Task.xcdatamodel */,
			);
			currentVersion = 23D1D09428C1EF36006913EF /* Exitek_Tech_Task.xcdatamodel */;
			path = Exitek_Tech_Task.xcdatamodeld;
			sourceTree = "<group>";
			versionGroupType = wrapper.xcdatamodel;
		};
/* End XCVersionGroup section */
	};
	rootObject = 23D1D07F28C1EF36006913EF /* Project object */;
}
